
Microsoft Visual Studio Solution File, Format Version 12.00
# Visual Studio 2012
Project("{FAE04EC0-301F-11D3-BF4B-00C04F79EFBC}") = "cspatterns", "cspatterns\cspatterns.csproj", "{74D83100-A650-465A-A5FD-F5787DCE1407}"
EndProject
Global
	GlobalSection(SolutionConfigurationPlatforms) = preSolution
		Debug|Any CPU = Debug|Any CPU
		Release|Any CPU = Release|Any CPU
	EndGlobalSection
	GlobalSection(ProjectConfigurationPlatforms) = postSolution
		{74D83100-A650-465A-A5FD-F5787DCE1407}.Debug|Any CPU.ActiveCfg = Debug|Any CPU
		{74D83100-A650-465A-A5FD-F5787DCE1407}.Debug|Any CPU.Build.0 = Debug|Any CPU
		{74D83100-A650-465A-A5FD-F5787DCE1407}.Release|Any CPU.ActiveCfg = Release|Any CPU
		{74D83100-A650-465A-A5FD-F5787DCE1407}.Release|Any CPU.Build.0 = Release|Any CPU
	EndGlobalSection
	GlobalSection(SolutionProperties) = preSolution
		HideSolutionNode = FALSE
	EndGlobalSection
EndGlobal
